
Microsoft Visual Studio Solution File, Format Version 12.00
# Visual Studio Version 17
VisualStudioVersion = 17.13.35931.197
MinimumVisualStudioVersion = 10.0.40219.1
Project("{FAE04EC0-301F-11D3-BF4B-00C04F79EFBC}") = "HRM-API", "HRM-API\HRM-API.csproj", "{72099428-EF69-42F5-9433-49125C0B073F}"
EndProject
Global
	GlobalSection(SolutionConfigurationPlatforms) = preSolution
		Debug|Any CPU = Debug|Any CPU
		Release|Any CPU = Release|Any CPU
	EndGlobalSection
	GlobalSection(ProjectConfigurationPlatforms) = postSolution
		{72099428-EF69-42F5-9433-49125C0B073F}.Debug|Any CPU.ActiveCfg = Debug|Any CPU
		{72099428-EF69-42F5-9433-49125C0B073F}.Debug|Any CPU.Build.0 = Debug|Any CPU
		{72099428-EF69-42F5-9433-49125C0B073F}.Release|Any CPU.ActiveCfg = Release|Any CPU
		{72099428-EF69-42F5-9433-49125C0B073F}.Release|Any CPU.Build.0 = Release|Any CPU
	EndGlobalSection
	GlobalSection(SolutionProperties) = preSolution
		HideSolutionNode = FALSE
	EndGlobalSection
	GlobalSection(ExtensibilityGlobals) = postSolution
		SolutionGuid = {8989D8C7-BEF0-4404-A54B-51C60A022739}
	EndGlobalSection
EndGlobal
